# This file is automatically @generated by Cargo.
# It is not intended for manual editing.
[[package]]
name = "boot"
version = "0.1.0"
dependencies = [
 "kvm-bindings 0.1.1 (registry+https://github.com/rust-lang/crates.io-index)",
 "kvm-ioctls 0.1.0 (registry+https://github.com/rust-lang/crates.io-index)",
 "libc 0.2.58 (registry+https://github.com/rust-lang/crates.io-index)",
 "memory 0.1.0",
]

[[package]]
name = "boot_gen"
version = "0.1.0"
dependencies = [
 "libc 0.2.58 (registry+https://github.com/rust-lang/crates.io-index)",
]

[[package]]
name = "kvm-bindings"
version = "0.1.1"
source = "registry+https://github.com/rust-lang/crates.io-index"

[[package]]
name = "kvm-ioctls"
version = "0.1.0"
source = "registry+https://github.com/rust-lang/crates.io-index"
dependencies = [
 "kvm-bindings 0.1.1 (registry+https://github.com/rust-lang/crates.io-index)",
 "libc 0.2.58 (registry+https://github.com/rust-lang/crates.io-index)",
]

[[package]]
name = "libc"
version = "0.2.58"
source = "registry+https://github.com/rust-lang/crates.io-index"

[[package]]
name = "memory"
version = "0.1.0"
dependencies = [
 "kvm-bindings 0.1.1 (registry+https://github.com/rust-lang/crates.io-index)",
 "kvm-ioctls 0.1.0 (registry+https://github.com/rust-lang/crates.io-index)",
 "libc 0.2.58 (registry+https://github.com/rust-lang/crates.io-index)",
]

[[package]]
name = "submarine"
version = "0.1.0"
dependencies = [
 "boot 0.1.0",
 "boot_gen 0.1.0",
 "memory 0.1.0",
 "vm 0.1.0",
]

[[package]]
name = "vm"
version = "0.1.0"
dependencies = [
 "kvm-bindings 0.1.1 (registry+https://github.com/rust-lang/crates.io-index)",
 "kvm-ioctls 0.1.0 (registry+https://github.com/rust-lang/crates.io-index)",
 "libc 0.2.58 (registry+https://github.com/rust-lang/crates.io-index)",
]

[metadata]
"checksum kvm-bindings 0.1.1 (registry+https://github.com/rust-lang/crates.io-index)" = "c223e8703d2eb76d990c5f58e29c85b0f6f50e24b823babde927948e7c71fc03"
"checksum kvm-ioctls 0.1.0 (registry+https://github.com/rust-lang/crates.io-index)" = "f87b0c7322658f94e9fcf661146c9761a487813f3154e6a67a24fc59c68f5306"
"checksum libc 0.2.58 (registry+https://github.com/rust-lang/crates.io-index)" = "6281b86796ba5e4366000be6e9e18bf35580adf9e63fbe2294aadb587613a319"
